schema: '2.0'
stages:
  train:
    cmd: python train.py
    deps:
    - path: data/MNIST
      md5: 563f931b5aa3d66aaee35ca9ea59ff3e.dir
      size: 66544770
      nfiles: 8
    - path: train.py
      md5: 91809e9c6fdea41d1586d6e43c1719a0
      size: 3764
    params:
      params.yaml:
        lr: 1e-05
        seed: 473987
        weight_decay: 0
    outs:
    - path: dvclive
      md5: 21481a84e9046c27516cb08643607025.dir
      size: 758
      nfiles: 2
    - path: model.pt
      md5: a75e67832dd78bd06c77edb0a62ae9c7
      size: 410191
    - path: predictions.json
      md5: 594bdb51a2045057a610b6b497f49dee
      size: 310000
