schema: '2.0'
stages:
  train:
    cmd: python train.py
    deps:
    - path: data/MNIST
      md5: 563f931b5aa3d66aaee35ca9ea59ff3e.dir
      size: 66544770
      nfiles: 8
    - path: train.py
      md5: 91809e9c6fdea41d1586d6e43c1719a0
      size: 3764
    params:
      params.yaml:
        lr: 0.001
        seed: 473987
        weight_decay: 0
    outs:
    - path: dvclive
      md5: 42bfe39f4770688c2df41e10c193e124.dir
      size: 1089
      nfiles: 2
    - path: model.pt
      md5: 4e7cabdea12e41cead2b0e2c18998968
      size: 410191
    - path: predictions.json
      md5: a41b8d21dea0cddb3e3ed138740f9dbe
      size: 310000
